{
  "name": "react-component-inator",
  "version": "1.3.3",
  "lockfileVersion": 1,
  "dependencies": {
    "humps": {
      "version": "2.0.0",
      "resolved": "https://registry.npmjs.org/humps/-/humps-2.0.0.tgz",
      "integrity": "sha1-3UpCPpeEYm/nufGf3guv9lm0AXM="
    },
    "inherits": {
      "version": "https://registry.npmjs.org/inherits/-/inherits-2.0.1.tgz",
      "integrity": "sha1-sX0I0ya0Qj5Wjv9xn5GwscvfafE="
    },
    "path": {
      "version": "https://registry.npmjs.org/path/-/path-0.12.7.tgz",
      "integrity": "sha1-1NwqUGxM4hl+tIHr/NWzbAFAsQ8="
    },
    "process": {
      "version": "https://registry.npmjs.org/process/-/process-0.11.10.tgz",
      "integrity": "sha1-czIwDoQBYb2j5podHZGn1LwW8YI="
    },
    "sanitize-filename": {
      "version": "https://registry.npmjs.org/sanitize-filename/-/sanitize-filename-1.6.1.tgz",
      "integrity": "sha1-YS2hyWRz+gLczaktzVtKsWSmdyo="
    },
    "truncate-utf8-bytes": {
      "version": "https://registry.npmjs.org/truncate-utf8-bytes/-/truncate-utf8-bytes-1.0.2.tgz",
      "integrity": "sha1-QFkjkJWS1W94pYGENLC3hInKXys="
    },
    "utf8-byte-length": {
      "version": "https://registry.npmjs.org/utf8-byte-length/-/utf8-byte-length-1.0.4.tgz",
      "integrity": "sha1-9F8VDExm7uloGGUFq5P8u4rWv2E="
    },
    "util": {
      "version": "https://registry.npmjs.org/util/-/util-0.10.3.tgz",
      "integrity": "sha1-evsa/lCAUkZInj23/g7TeTNqwPk="
    }
  }
}
